version = 1
revision = 2
requires-python = ">=3.12"

[[package]]
name = "commentjson"
version = "0.9.0"
source = { registry = "https://pypi.org/simple" }
dependencies = [
    { name = "lark-parser" },
]
sdist = { url = "https://files.pythonhosted.org/packages/c0/76/c4aa9e408dbacee3f4de8e6c5417e5f55de7e62fb5a50300e1233a2c9cb5/commentjson-0.9.0.tar.gz", hash = "sha256:42f9f231d97d93aff3286a4dc0de39bfd91ae823d1d9eba9fa901fe0c7113dd4", size = 8653, upload_time = "2020-10-05T18:49:06.524Z" }

[[package]]
name = "lark-parser"
version = "0.7.8"
source = { registry = "https://pypi.org/simple" }
sdist = { url = "https://files.pythonhosted.org/packages/34/b8/aa7d6cf2d5efdd2fcd85cf39b33584fe12a0f7086ed451176ceb7fb510eb/lark-parser-0.7.8.tar.gz", hash = "sha256:26215ebb157e6fb2ee74319aa4445b9f3b7e456e26be215ce19fdaaa901c20a4", size = 276204, upload_time = "2019-11-01T12:45:26.558Z" }

[[package]]
name = "ros-marinus-seating-script"
version = "0.1.0"
source = { virtual = "." }
dependencies = [
    { name = "commentjson" },
]

[package.metadata]
requires-dist = [{ name = "commentjson", specifier = ">=0.9.0" }]
